{
  "lockfile_version": "1",
  "packages": {
    "curl@latest": {
      "last_modified": "2025-12-05T15:03:55Z",
      "resolved": "github:NixOS/nixpkgs/a672be65651c80d3f592a89b3945466584a22069#curl",
      "source": "devbox-search",
      "version": "8.17.0",
      "systems": {
        "aarch64-darwin": {
          "outputs": [
            {
              "name": "bin",
              "path": "/nix/store/qfwqcndy8bji6xww0gizclf2nqi2qpph-curl-8.17.0-bin",
              "default": true
            },
            {
              "name": "man",
              "path": "/nix/store/rk815zvrhwzbi7c6d589v2mhxzyzb400-curl-8.17.0-man",
              "default": true
            },
            {
              "name": "dev",
              "path": "/nix/store/ydp55g2mbd6rk6lfw0krkk3jwgdiqj5d-curl-8.17.0-dev"
            },
            {
              "name": "devdoc",
              "path": "/nix/store/8s884m82fmrbiyz8malglqc4sd632dkc-curl-8.17.0-devdoc"
            },
            {
              "name": "out",
              "path": "/nix/store/yxv8fxaz0fyhc31dv3rz89kc50zw5hgj-curl-8.17.0"
            }
          ],
          "store_path": "/nix/store/qfwqcndy8bji6xww0gizclf2nqi2qpph-curl-8.17.0-bin"
        },
        "aarch64-linux": {
          "outputs": [
            {
              "name": "bin",
              "path": "/nix/store/4x19j6zihdl6pya63xs8g360f2r614sx-curl-8.17.0-bin",
              "default": true
            },
            {
              "name": "man",
              "path": "/nix/store/b29qbmbfvzkm34k0jnj8ykqg2gzj3rdy-curl-8.17.0-man",
              "default": true
            },
            {
              "name": "debug",
              "path": "/nix/store/5hmbdk99knmbg8b0fzh96bv6bkcf6v5i-curl-8.17.0-debug"
            },
            {
              "name": "dev",
              "path": "/nix/store/iqs9mjscns3h5npgkrhgr5xa7qzwd0si-curl-8.17.0-dev"
            },
            {
              "name": "devdoc",
              "path": "/nix/store/1fwncv08c8g78k3hj3cj375vx92ndrp8-curl-8.17.0-devdoc"
            },
            {
              "name": "out",
              "path": "/nix/store/b0a6qc92vybjiggh0kg387cg0zp3kl6j-curl-8.17.0"
            }
          ],
          "store_path": "/nix/store/4x19j6zihdl6pya63xs8g360f2r614sx-curl-8.17.0-bin"
        },
        "x86_64-darwin": {
          "outputs": [
            {
              "name": "bin",
              "path": "/nix/store/w2336wv560g1n58cwashmmczdn3bfkq1-curl-8.17.0-bin",
              "default": true
            },
            {
              "name": "man",
              "path": "/nix/store/i6xmhcan8g4abda7ivv20nvwxrsssjqj-curl-8.17.0-man",
              "default": true
            },
            {
              "name": "devdoc",
              "path": "/nix/store/ipa7v9z7pjcnnv0fmdya1fldcxv0a28z-curl-8.17.0-devdoc"
            },
            {
              "name": "out",
              "path": "/nix/store/x9gyg634fi8mgcyay9mqa1ral7xg72fm-curl-8.17.0"
            },
            {
              "name": "dev",
              "path": "/nix/store/39zfdgq9kg3mb4sycf8pj4pdssrzki6c-curl-8.17.0-dev"
            }
          ],
          "store_path": "/nix/store/w2336wv560g1n58cwashmmczdn3bfkq1-curl-8.17.0-bin"
        },
        "x86_64-linux": {
          "outputs": [
            {
              "name": "bin",
              "path": "/nix/store/0rfz69vp1nl0q2hxzig20hc60sk72z62-curl-8.17.0-bin",
              "default": true
            },
            {
              "name": "man",
              "path": "/nix/store/ijd0yybyzwm98d3q6x7a9cyixgxk0i5d-curl-8.17.0-man",
              "default": true
            },
            {
              "name": "debug",
              "path": "/nix/store/h1fxw0xrifxvbhcp7b8hxsgirxxxfzav-curl-8.17.0-debug"
            },
            {
              "name": "dev",
              "path": "/nix/store/ikmdk37frjdblkba3wl3xws2wwgln17x-curl-8.17.0-dev"
            },
            {
              "name": "devdoc",
              "path": "/nix/store/jm6irg81cc0hqg43l39lkxr6pb0w2xk5-curl-8.17.0-devdoc"
            },
            {
              "name": "out",
              "path": "/nix/store/8idis3j5l13c3x74jl8xly0k4qyk9mx6-curl-8.17.0"
            }
          ],
          "store_path": "/nix/store/0rfz69vp1nl0q2hxzig20hc60sk72z62-curl-8.17.0-bin"
        }
      }
    },
    "expect@latest": {
      "last_modified": "2026-08-27T07:16:00Z",
      "resolved": "github:NixOS/nixpkgs/c27cdad491a991b11ed731760aa2ef8db0cb0410#expect",
      "source": "devbox-search",
      "version": "5.45.4",
      "systems": {
        "aarch64-darwin": {
          "outputs": [
            {
              "name": "out",
              "path": "/nix/store/8mhq2lnjdyrw48mryi4d9ch2pwf8540p-expect-5.45.4",
              "default": true
            },
            {
              "name": "dev",
              "path": "/nix/store/wn3pxs0d7cz5jqskpvqs2f82dfww65ya-expect-5.45.4-dev"
            }
          ],
          "store_path": "/nix/store/8mhq2lnjdyrw48mryi4d9ch2pwf8540p-expect-5.45.4"
        },
        "aarch64-linux": {
          "outputs": [
            {
              "name": "out",
              "path": "/nix/store/50yr7b13bcajwc2h4wd45fxmvv3kyvjw-expect-5.45.4",
              "default": true
            },
            {
              "name": "dev",
              "path": "/nix/store/dlw5rwccn8f5p8bn0ni8mxh5whz42xb7-expect-5.45.4-dev"
            }
          ],
          "store_path": "/nix/store/50yr7b13bcajwc2h4wd45fxmvv3kyvjw-expect-5.45.4"
        },
        "x86_64-darwin": {
          "outputs": [
            {
              "name": "out",
              "path": "/nix/store/gmmkxgnyga4xd26q57cs1vz629jc1749-expect-5.45.4",
              "default": true
            },
            {
              "name": "dev",
              "path": "/nix/store/0hm1y4795f8cgl2bnqj1brls06v3rxyy-expect-5.45.4-dev"
            }
          ],
          "store_path": "/nix/store/gmmkxgnyga4xd26q57cs1vz629jc1749-expect-5.45.4"
        },
        "x86_64-linux": {
          "outputs": [
            {
              "name": "out",
              "path": "/nix/store/19a9a3jgnr4pg53d5ssyb8y7kggqrnym-expect-5.45.4",
              "default": true
            },
            {
              "name": "dev",
              "path": "/nix/store/y1i0d1fm9p8qlsww44dpfkp8kzfadhk1-expect-5.45.4-dev"
            }
          ],
          "store_path": "/nix/store/19a9a3jgnr4pg53d5ssyb8y7kggqrnym-expect-5.45.4"
        }
      }
    },
    "git@latest": {
      "last_modified": "2026-08-27T07:16:00Z",
      "resolved": "github:NixOS/nixpkgs/c27cdad491a991b11ed731760aa2ef8db0cb0410#git",
      "source": "devbox-search",
      "version": "2.55.0",
      "systems": {
        "aarch64-darwin": {
          "outputs": [
            {
              "name": "out",
              "path": "/nix/store/yqw09igi72yxpgy3d1b25vbh5l8rx227-git-2.55.0",
              "default": true
            },
            {
              "name": "doc",
              "path": "/nix/store/i8y217wsan9w8l62m7w2a0rrnmviaqqk-git-2.55.0-doc"
            }
          ],
          "store_path": "/nix/store/yqw09igi72yxpgy3d1b25vbh5l8rx227-git-2.55.0"
        },
        "aarch64-linux": {
          "outputs": [
            {
              "name": "out",
              "path": "/nix/store/clxhwm4v3gl0k3hazm0zpx14gz2w0clz-git-2.55.0",
              "default": true
            },
            {
              "name": "doc",
              "path": "/nix/store/ryn8xbxi2i1d2dharz9r7kb2ymqfgkyw-git-2.55.0-doc"
            },
            {
              "name": "debug",
              "path": "/nix/store/1asxbx6r55sylz2ljdzk6404i0w28iri-git-2.55.0-debug"
            }
          ],
          "store_path": "/nix/store/clxhwm4v3gl0k3hazm0zpx14gz2w0clz-git-2.55.0"
        },
        "x86_64-linux": {
          "outputs": [
            {
              "name": "out",
              "path": "/nix/store/8yjpgadavqdwphcd2kw4dfvxmgdp5sb3-git-2.55.0",
              "default": true
            },
            {
              "name": "debug",
              "path": "/nix/store/xf0wk67lvyxg1bkwi2rf6iszxlvj0yxj-git-2.55.0-debug"
            },
            {
              "name": "doc",
              "path": "/nix/store/yvx5ayi3k6gh8xgk9yxc9gpy0jb7f14l-git-2.55.0-doc"
            }
          ],
          "store_path": "/nix/store/8yjpgadavqdwphcd2kw4dfvxmgdp5sb3-git-2.55.0"
        }
      }
    },
    "github:NixOS/nixpkgs/nixpkgs-unstable": {
      "last_modified": "2026-08-29T00:50:12Z",
      "resolved": "github:NixOS/nixpkgs/e8be7818e19ada32105a8af937a6a473b38167ca?lastModified=1787964612&narHash=sha256-0N9nghg3nwzX6b6qc77EzjR9cu%2FZ%2BUR66FlfsCqiURs%3D"
    },
    "glibcLocales@latest": {
      "last_modified": "2026-08-27T07:16:00Z",
      "resolved": "github:NixOS/nixpkgs/c27cdad491a991b11ed731760aa2ef8db0cb0410#glibcLocales",
      "source": "devbox-search",
      "version": "2.42-84",
      "systems": {
        "aarch64-linux": {
          "outputs": [
            {
              "name": "out",
              "path": "/nix/store/iacrshzwi3r6k7jr98p94v3naji51f04-glibc-locales-2.42-84",
              "default": true
            }
          ],
          "store_path": "/nix/store/iacrshzwi3r6k7jr98p94v3naji51f04-glibc-locales-2.42-84"
        },
        "x86_64-linux": {
          "outputs": [
            {
              "name": "out",
              "path": "/nix/store/f65j04fnffn1wb67s11m8mhghf3xzpc1-glibc-locales-2.42-84",
              "default": true
            }
          ],
          "store_path": "/nix/store/f65j04fnffn1wb67s11m8mhghf3xzpc1-glibc-locales-2.42-84"
        }
      }
    },
    "gnumake@latest": {
      "last_modified": "2026-08-27T07:16:00Z",
      "resolved": "github:NixOS/nixpkgs/c27cdad491a991b11ed731760aa2ef8db0cb0410#gnumake",
      "source": "devbox-search",
      "version": "4.4.1",
      "systems": {
        "aarch64-darwin": {
          "outputs": [
            {
              "name": "out",
              "path": "/nix/store/vw6ljpyd8nnql72sbf8nx6dgvdvgnwml-gnumake-4.4.1",
              "default": true
            },
            {
              "name": "man",
              "path": "/nix/store/z2xa5yy1xhq30sasnbmwi0l8n84zqwpb-gnumake-4.4.1-man",
              "default": true
            },
            {
              "name": "doc",
              "path": "/nix/store/dfbwcmnw5jvmij32y6ir6xrsgay96q85-gnumake-4.4.1-doc"
            },
            {
              "name": "info",
              "path": "/nix/store/1pg3wc0xxajpirhqjrdnvvndirh49bcw-gnumake-4.4.1-info"
            }
          ],
          "store_path": "/nix/store/vw6ljpyd8nnql72sbf8nx6dgvdvgnwml-gnumake-4.4.1"
        },
        "aarch64-linux": {
          "outputs": [
            {
              "name": "out",
              "path": "/nix/store/clk5g7jn42zc3ydwz2xrv50wjvswh2j7-gnumake-4.4.1",
              "default": true
            },
            {
              "name": "man",
              "path": "/nix/store/aqbbbk5k348k0g1nfv15153rvdmml3dh-gnumake-4.4.1-man",
              "default": true
            },
            {
              "name": "debug",
              "path": "/nix/store/6ay3jj11iqkbab7309vssz67r6mr0c0p-gnumake-4.4.1-debug"
            },
            {
              "name": "doc",
              "path": "/nix/store/r1a35igf2l6b6r02qvpiayfsw3nssi2w-gnumake-4.4.1-doc"
            },
            {
              "name": "info",
              "path": "/nix/store/mvl7q4ww27zhlcbgq4fbn68h3ms76isa-gnumake-4.4.1-info"
            }
          ],
          "store_path": "/nix/store/clk5g7jn42zc3ydwz2xrv50wjvswh2j7-gnumake-4.4.1"
        },
        "x86_64-darwin": {
          "outputs": [
            {
              "name": "out",
              "path": "/nix/store/0bg5b97b9hbhz8907bfcrch1i116xppa-gnumake-4.4.1",
              "default": true
            },
            {
              "name": "man",
              "path": "/nix/store/wb4yn3d7vmi1hr4f8pz38rjvcl7f70ma-gnumake-4.4.1-man",
              "default": true
            },
            {
              "name": "doc",
              "path": "/nix/store/3b9cjf16jx4ncpp3b4k6m8q01nxsrw1n-gnumake-4.4.1-doc"
            },
            {
              "name": "info",
              "path": "/nix/store/rriz5p4q8a6sca7sw3p3js1m5dl09ia8-gnumake-4.4.1-info"
            }
          ],
          "store_path": "/nix/store/0bg5b97b9hbhz8907bfcrch1i116xppa-gnumake-4.4.1"
        },
        "x86_64-linux": {
          "outputs": [
            {
              "name": "out",
              "path": "/nix/store/7ydf0dzbsq7w35bxifci2mslm76pw1qf-gnumake-4.4.1",
              "default": true
            },
            {
              "name": "man",
              "path": "/nix/store/hnx4nm22wyl3qs52d66syyldypfyc88q-gnumake-4.4.1-man",
              "default": true
            },
            {
              "name": "debug",
              "path": "/nix/store/hplrxi8g1pxnr6s17s369vwcy3382q33-gnumake-4.4.1-debug"
            },
            {
              "name": "doc",
              "path": "/nix/store/ajv6150dm72i5w9y0p23mgnghdp5h9m5-gnumake-4.4.1-doc"
            },
            {
              "name": "info",
              "path": "/nix/store/59p81ss2y7c2gc1khjr26z4ygzrmmymz-gnumake-4.4.1-info"
            }
          ],
          "store_path": "/nix/store/7ydf0dzbsq7w35bxifci2mslm76pw1qf-gnumake-4.4.1"
        }
      }
    },
    "gnupg@latest": {
      "last_modified": "2026-08-27T07:16:00Z",
      "resolved": "github:NixOS/nixpkgs/c27cdad491a991b11ed731760aa2ef8db0cb0410#gnupg",
      "source": "devbox-search",
      "version": "2.4.9",
      "systems": {
        "aarch64-darwin": {
          "outputs": [
            {
              "name": "out",
              "path": "/nix/store/d1pqaj0232nkr2awl01wx9s0mlh7mcn1-gnupg-2.4.9",
              "default": true
            },
            {
              "name": "man",
              "path": "/nix/store/0rxmk2k90ypgkn34syq85l14kli37p6c-gnupg-2.4.9-man",
              "default": true
            },
            {
              "name": "doc",
              "path": "/nix/store/0avmmgwyalkz0spva8a9vd8dgfk67dsw-gnupg-2.4.9-doc"
            },
            {
              "name": "info",
              "path": "/nix/store/pcahhsln9c3hqg2m95q3qs7czdmvn34k-gnupg-2.4.9-info"
            }
          ],
          "store_path": "/nix/store/d1pqaj0232nkr2awl01wx9s0mlh7mcn1-gnupg-2.4.9"
        },
        "aarch64-linux": {
          "outputs": [
            {
              "name": "out",
              "path": "/nix/store/66mn9w360xj1abx8scrdg479w0d5f46v-gnupg-2.4.9",
              "default": true
            },
            {
              "name": "man",
              "path": "/nix/store/k2v796pakvvryd96f2rk1l86zingc43a-gnupg-2.4.9-man",
              "default": true
            },
            {
              "name": "doc",
              "path": "/nix/store/29n58bpgjhy68jrih5s3g68rbk7q73x8-gnupg-2.4.9-doc"
            },
            {
              "name": "info",
              "path": "/nix/store/x9mbv7id6ivg0y6lbvzxj9sa2nkhp6bk-gnupg-2.4.9-info"
            }
          ],
          "store_path": "/nix/store/66mn9w360xj1abx8scrdg479w0d5f46v-gnupg-2.4.9"
        },
        "x86_64-darwin": {
          "outputs": [
            {
              "name": "out",
              "path": "/nix/store/n3md9y3mqg5n7ics64chfjfzhn45qby3-gnupg-2.4.9",
              "default": true
            },
            {
              "name": "man",
              "path": "/nix/store/401dixxj0zdpsky85pkig64hi4ah79yv-gnupg-2.4.9-man",
              "default": true
            },
            {
              "name": "doc",
              "path": "/nix/store/jdkh6plqi5s2s5cqbckfwcd8lnwyx50g-gnupg-2.4.9-doc"
            },
            {
              "name": "info",
              "path": "/nix/store/7hz218wdccp4nz41xmdwsjpx57ilwihm-gnupg-2.4.9-info"
            }
          ],
          "store_path": "/nix/store/n3md9y3mqg5n7ics64chfjfzhn45qby3-gnupg-2.4.9"
        },
        "x86_64-linux": {
          "outputs": [
            {
              "name": "out",
              "path": "/nix/store/nvh2r6adpxhkl37wsxglz4w9cbsz506h-gnupg-2.4.9",
              "default": true
            },
            {
              "name": "man",
              "path": "/nix/store/cldw7hkmxppg4kd0iicpx5z83kfb8d0p-gnupg-2.4.9-man",
              "default": true
            },
            {
              "name": "doc",
              "path": "/nix/store/s29rghw0zdq0vbv8wmbzr7rv5c734hfy-gnupg-2.4.9-doc"
            },
            {
              "name": "info",
              "path": "/nix/store/gjal5k49qkpfgdfa7dsbafra670h0snq-gnupg-2.4.9-info"
            }
          ],
          "store_path": "/nix/store/nvh2r6adpxhkl37wsxglz4w9cbsz506h-gnupg-2.4.9"
        }
      }
    },
    "jq@latest": {
      "last_modified": "2026-08-27T07:16:00Z",
      "resolved": "github:NixOS/nixpkgs/c27cdad491a991b11ed731760aa2ef8db0cb0410#jq",
      "source": "devbox-search",
      "version": "1.8.2",
      "systems": {
        "aarch64-darwin": {
          "outputs": [
            {
              "name": "bin",
              "path": "/nix/store/d01nk4ck93bwlzwbnnb1qf1kv4d94a09-jq-1.8.2-bin",
              "default": true
            },
            {
              "name": "man",
              "path": "/nix/store/s1d0597z830wrhza2g5b6i9a4a0jis8a-jq-1.8.2-man",
              "default": true
            },
            {
              "name": "dev",
              "path": "/nix/store/mf170p9ynrn0g7s5i8kw655i1q4dxl6y-jq-1.8.2-dev"
            },
            {
              "name": "doc",
              "path": "/nix/store/bhalwqvdympjhs6gj584d29bga0l8q3s-jq-1.8.2-doc"
            },
            {
              "name": "out",
              "path": "/nix/store/bpfcs06n720irpzril2mh6z59ddafhzx-jq-1.8.2"
            }
          ],
          "store_path": "/nix/store/d01nk4ck93bwlzwbnnb1qf1kv4d94a09-jq-1.8.2-bin"
        },
        "aarch64-linux": {
          "outputs": [
            {
              "name": "bin",
              "path": "/nix/store/hrr6n4qkb2j2rqh7a1jda0yc9gpa8h4d-jq-1.8.2-bin",
              "default": true
            },
            {
              "name": "man",
              "path": "/nix/store/y3rq55wvfwpfy45nmz6yc2vxgcr1zns5-jq-1.8.2-man",
              "default": true
            },
            {
              "name": "dev",
              "path": "/nix/store/xi52wx9sndkrrzp5wy2d8nrw1hysm8hc-jq-1.8.2-dev"
            },
            {
              "name": "doc",
              "path": "/nix/store/frrdd4c55msxdrd3fmyadyry5dwnnysd-jq-1.8.2-doc"
            },
            {
              "name": "out",
              "path": "/nix/store/qjpdggb1lyay7wv5a0p9j9cvj9y3j2a6-jq-1.8.2"
            }
          ],
          "store_path": "/nix/store/hrr6n4qkb2j2rqh7a1jda0yc9gpa8h4d-jq-1.8.2-bin"
        },
        "x86_64-linux": {
          "outputs": [
            {
              "name": "bin",
              "path": "/nix/store/xvd6920kffyyshg7mbw5wvfk6lg9wfkl-jq-1.8.2-bin",
              "default": true
            },
            {
              "name": "man",
              "path": "/nix/store/n36fiv9a8p19bcj6cyjfgmb0l9s55qfn-jq-1.8.2-man",
              "default": true
            },
            {
              "name": "dev",
              "path": "/nix/store/qavm4f7d2wm4s9v1ck90n200y20x95fm-jq-1.8.2-dev"
            },
            {
              "name": "doc",
              "path": "/nix/store/2ga5gcahn4vr0b5fmlinxbz1w2m4qm5g-jq-1.8.2-doc"
            },
            {
              "name": "out",
              "path": "/nix/store/d91mwgs15hv4ajza7jn6axyiwa07ga7m-jq-1.8.2"
            }
          ],
          "store_path": "/nix/store/xvd6920kffyyshg7mbw5wvfk6lg9wfkl-jq-1.8.2-bin"
        }
      }
    },
    "just@latest": {
      "last_modified": "2026-08-27T07:16:00Z",
      "resolved": "github:NixOS/nixpkgs/c27cdad491a991b11ed731760aa2ef8db0cb0410#just",
      "source": "devbox-search",
      "version": "1.58.0",
      "systems": {
        "aarch64-darwin": {
          "outputs": [
            {
              "name": "out",
              "path": "/nix/store/ank1rvxdg1r21v885zm7k8q2sqx285x5-just-1.58.0",
              "default": true
            },
            {
              "name": "man",
              "path": "/nix/store/z01s84l6hcxqpww7fsy4kahfilrsxp9f-just-1.58.0-man",
              "default": true
            },
            {
              "name": "doc",
              "path": "/nix/store/vz523mpwxiavavi83l6fh1g8i83s5agd-just-1.58.0-doc"
            }
          ],
          "store_path": "/nix/store/ank1rvxdg1r21v885zm7k8q2sqx285x5-just-1.58.0"
        },
        "aarch64-linux": {
          "outputs": [
            {
              "name": "out",
              "path": "/nix/store/byn68yph58ab2fa3jbbp014nigxmqsap-just-1.58.0",
              "default": true
            },
            {
              "name": "man",
              "path": "/nix/store/34mnxpqp459m210akn6lp0ay2bxfnnlf-just-1.58.0-man",
              "default": true
            },
            {
              "name": "doc",
              "path": "/nix/store/a2jv2k0g7vjvwwgzbgrlrynpq5cpvqj3-just-1.58.0-doc"
            }
          ],
          "store_path": "/nix/store/byn68yph58ab2fa3jbbp014nigxmqsap-just-1.58.0"
        },
        "x86_64-linux": {
          "outputs": [
            {
              "name": "out",
              "path": "/nix/store/z4czsax3mdyxx77mwb0yjarnzb1rip00-just-1.58.0",
              "default": true
            },
            {
              "name": "man",
              "path": "/nix/store/glg48g04x9bdibq3ylr69jz130lwdhbr-just-1.58.0-man",
              "default": true
            },
            {
              "name": "doc",
              "path": "/nix/store/nfnqh8gnsy9lv1ppmc5vzpf4zvkxcwqc-just-1.58.0-doc"
            }
          ],
          "store_path": "/nix/store/z4czsax3mdyxx77mwb0yjarnzb1rip00-just-1.58.0"
        }
      }
    },
    "kubectl@latest": {
      "last_modified": "2026-08-27T07:16:00Z",
      "resolved": "github:NixOS/nixpkgs/c27cdad491a991b11ed731760aa2ef8db0cb0410#kubectl",
      "source": "devbox-search",
      "version": "1.36.3",
      "systems": {
        "aarch64-darwin": {
          "outputs": [
            {
              "name": "out",
              "path": "/nix/store/4ly3f60sf2y8lx4ad4nlv4d4xzm49cai-kubectl-1.36.3",
              "default": true
            },
            {
              "name": "man",
              "path": "/nix/store/j4lcjil024kv6xli1y03whn4rv1x1ifv-kubectl-1.36.3-man",
              "default": true
            },
            {
              "name": "convert",
              "path": "/nix/store/rq7cbnikbk7khmqczsglknfhfgykwkbf-kubectl-1.36.3-convert"
            }
          ],
          "store_path": "/nix/store/4ly3f60sf2y8lx4ad4nlv4d4xzm49cai-kubectl-1.36.3"
        },
        "aarch64-linux": {
          "outputs": [
            {
              "name": "out",
              "path": "/nix/store/pxr2n9hcw5r5c9pbyqhangbwvc3yv8yw-kubectl-1.36.3",
              "default": true
            },
            {
              "name": "man",
              "path": "/nix/store/n9ya3i139xw7jcb3x44b1lmwswilfwxk-kubectl-1.36.3-man",
              "default": true
            },
            {
              "name": "convert",
              "path": "/nix/store/6xj3wx8zkh4nj0dfg14v6cmbpaxqrzz7-kubectl-1.36.3-convert"
            }
          ],
          "store_path": "/nix/store/pxr2n9hcw5r5c9pbyqhangbwvc3yv8yw-kubectl-1.36.3"
        },
        "x86_64-linux": {
          "outputs": [
            {
              "name": "out",
              "path": "/nix/store/s28gqkd497rb4bvm56w72jyarqgmhlzz-kubectl-1.36.3",
              "default": true
            },
            {
              "name": "man",
              "path": "/nix/store/kxhnlzm663cpz4pbd7wkq4n73578ak4z-kubectl-1.36.3-man",
              "default": true
            },
            {
              "name": "convert",
              "path": "/nix/store/szx0vjljdh6rp8nxwdnpkz7g4fvvnk9h-kubectl-1.36.3-convert"
            }
          ],
          "store_path": "/nix/store/s28gqkd497rb4bvm56w72jyarqgmhlzz-kubectl-1.36.3"
        }
      }
    },
    "kubernetes-helm@latest": {
      "last_modified": "2026-08-27T07:16:00Z",
      "resolved": "github:NixOS/nixpkgs/c27cdad491a991b11ed731760aa2ef8db0cb0410#kubernetes-helm",
      "source": "devbox-search",
      "version": "4.2.4",
      "systems": {
        "aarch64-darwin": {
          "outputs": [
            {
              "name": "out",
              "path": "/nix/store/0dx0lbafknwvz74r6kkxdpzyz47ybgzl-kubernetes-helm-4.2.4",
              "default": true
            }
          ],
          "store_path": "/nix/store/0dx0lbafknwvz74r6kkxdpzyz47ybgzl-kubernetes-helm-4.2.4"
        },
        "aarch64-linux": {
          "outputs": [
            {
              "name": "out",
              "path": "/nix/store/rnnqs3a5ccijfrc9zwkjvlr6k7l14mrx-kubernetes-helm-4.2.4",
              "default": true
            }
          ],
          "store_path": "/nix/store/rnnqs3a5ccijfrc9zwkjvlr6k7l14mrx-kubernetes-helm-4.2.4"
        },
        "x86_64-linux": {
          "outputs": [
            {
              "name": "out",
              "path": "/nix/store/1z33qhx89k48gj7d0g25qd0k9h0zhm8v-kubernetes-helm-4.2.4",
              "default": true
            }
          ],
          "store_path": "/nix/store/1z33qhx89k48gj7d0g25qd0k9h0zhm8v-kubernetes-helm-4.2.4"
        }
      }
    },
    "libisoburn@latest": {
      "last_modified": "2026-08-27T07:16:00Z",
      "resolved": "github:NixOS/nixpkgs/c27cdad491a991b11ed731760aa2ef8db0cb0410#libisoburn",
      "source": "devbox-search",
      "version": "1.5.8.pl02",
      "systems": {
        "aarch64-darwin": {
          "outputs": [
            {
              "name": "out",
              "path": "/nix/store/ip94kphn701wlgxqn6537raxhxyjhhxn-libisoburn-1.5.8.pl02",
              "default": true
            },
            {
              "name": "man",
              "path": "/nix/store/hp16cyhb9ngccgjc3v328lg55ffvd51c-libisoburn-1.5.8.pl02-man",
              "default": true
            },
            {
              "name": "lib",
              "path": "/nix/store/68clcwnpgva516fxjp38qhnah2sv1xci-libisoburn-1.5.8.pl02-lib"
            },
            {
              "name": "dev",
              "path": "/nix/store/hhzgv2ph38rayxc9cm0dmhkxh4qa7g4n-libisoburn-1.5.8.pl02-dev"
            },
            {
              "name": "info",
              "path": "/nix/store/cb5gpay8djxh0gh0yzx91w56ap7l4zki-libisoburn-1.5.8.pl02-info"
            }
          ],
          "store_path": "/nix/store/ip94kphn701wlgxqn6537raxhxyjhhxn-libisoburn-1.5.8.pl02"
        },
        "aarch64-linux": {
          "outputs": [
            {
              "name": "out",
              "path": "/nix/store/ihj3xvs1xdpqqv46gli65bdzyw73li5a-libisoburn-1.5.8.pl02",
              "default": true
            },
            {
              "name": "man",
              "path": "/nix/store/1awsvgmkdxp2394pvcnjlcsw0p13di5s-libisoburn-1.5.8.pl02-man",
              "default": true
            },
            {
              "name": "info",
              "path": "/nix/store/alaxcl1gmb1pw7qnlkkfb7blrbcj911b-libisoburn-1.5.8.pl02-info"
            },
            {
              "name": "lib",
              "path": "/nix/store/c03lxd2f33xva8aalx4xf3ayg3gjydja-libisoburn-1.5.8.pl02-lib"
            },
            {
              "name": "dev",
              "path": "/nix/store/r9lnds2ryq8v9k1skfcwfm9infkkr9hi-libisoburn-1.5.8.pl02-dev"
            }
          ],
          "store_path": "/nix/store/ihj3xvs1xdpqqv46gli65bdzyw73li5a-libisoburn-1.5.8.pl02"
        },
        "x86_64-darwin": {
          "outputs": [
            {
              "name": "out",
              "path": "/nix/store/bmfw90iyry68bi352fagq63zqhvq69m5-libisoburn-1.5.8.pl02",
              "default": true
            },
            {
              "name": "man",
              "path": "/nix/store/injz3glph3g2147xp8zhxbh0x4rchnl7-libisoburn-1.5.8.pl02-man",
              "default": true
            },
            {
              "name": "lib",
              "path": "/nix/store/a0zzr8n58bbm00yhqkqxs3bpkq163dfc-libisoburn-1.5.8.pl02-lib"
            },
            {
              "name": "dev",
              "path": "/nix/store/h1d9py7dk56hmzv8p2zk4fgj47xqqf71-libisoburn-1.5.8.pl02-dev"
            },
            {
              "name": "info",
              "path": "/nix/store/crvj6i2lgfl29a1n6hywlfrbfbmxqjgw-libisoburn-1.5.8.pl02-info"
            }
          ],
          "store_path": "/nix/store/bmfw90iyry68bi352fagq63zqhvq69m5-libisoburn-1.5.8.pl02"
        },
        "x86_64-linux": {
          "outputs": [
            {
              "name": "out",
              "path": "/nix/store/xfdx25b9sjw4i6qylkd84gx3hy4n97vl-libisoburn-1.5.8.pl02",
              "default": true
            },
            {
              "name": "man",
              "path": "/nix/store/3mq43ypj97rybhap8wwb4kq06pj6v0p1-libisoburn-1.5.8.pl02-man",
              "default": true
            },
            {
              "name": "dev",
              "path": "/nix/store/w6p72alp3p2jf0dz9nrgmgdgff29d012-libisoburn-1.5.8.pl02-dev"
            },
            {
              "name": "info",
              "path": "/nix/store/wypwkfgjkf88gp6hn32zi15rk80k87zk-libisoburn-1.5.8.pl02-info"
            },
            {
              "name": "lib",
              "path": "/nix/store/dyp9r50fhnf337scmi2a1c4wjc9rj7gw-libisoburn-1.5.8.pl02-lib"
            }
          ],
          "store_path": "/nix/store/xfdx25b9sjw4i6qylkd84gx3hy4n97vl-libisoburn-1.5.8.pl02"
        }
      }
    },
    "libvirt@latest": {
      "last_modified": "2026-08-27T07:16:00Z",
      "resolved": "github:NixOS/nixpkgs/c27cdad491a991b11ed731760aa2ef8db0cb0410#libvirt",
      "source": "devbox-search",
      "version": "12.6.0",
      "systems": {
        "aarch64-darwin": {
          "outputs": [
            {
              "name": "out",
              "path": "/nix/store/94l457yv5xlz6xirn12i5wf7rk2bdli1-libvirt-12.6.0",
              "default": true
            }
          ],
          "store_path": "/nix/store/94l457yv5xlz6xirn12i5wf7rk2bdli1-libvirt-12.6.0"
        },
        "aarch64-linux": {
          "outputs": [
            {
              "name": "out",
              "path": "/nix/store/5b7qad4zwph5dxlyqcbg629sqnn75dk6-libvirt-12.6.0",
              "default": true
            }
          ],
          "store_path": "/nix/store/5b7qad4zwph5dxlyqcbg629sqnn75dk6-libvirt-12.6.0"
        },
        "x86_64-linux": {
          "outputs": [
            {
              "name": "out",
              "path": "/nix/store/0dbgmf8l4sfybvgsc8518fczx0kpx1qc-libvirt-12.6.0",
              "default": true
            }
          ],
          "store_path": "/nix/store/0dbgmf8l4sfybvgsc8518fczx0kpx1qc-libvirt-12.6.0"
        }
      }
    },
    "networkmanager@latest": {
      "last_modified": "2026-08-27T07:16:00Z",
      "resolved": "github:NixOS/nixpkgs/c27cdad491a991b11ed731760aa2ef8db0cb0410#networkmanager",
      "source": "devbox-search",
      "version": "1.58.0",
      "systems": {
        "aarch64-linux": {
          "outputs": [
            {
              "name": "out",
              "path": "/nix/store/pdjzsjaza8krvfmvr6a1j515biym3hbw-networkmanager-1.58.0",
              "default": true
            },
            {
              "name": "man",
              "path": "/nix/store/nfv4mrkvdnl45qw6drb8hffv4kkkl1sp-networkmanager-1.58.0-man",
              "default": true
            },
            {
              "name": "devdoc",
              "path": "/nix/store/hcipbvmvsnsclv0pzplq4s6aq7v5g2fz-networkmanager-1.58.0-devdoc"
            },
            {
              "name": "doc",
              "path": "/nix/store/a0fcsffisls4h0qa9kx5c7yly6v964da-networkmanager-1.58.0-doc"
            },
            {
              "name": "dev",
              "path": "/nix/store/xy1prkgk93az46fg71smv8bn3lmm2ksj-networkmanager-1.58.0-dev"
            }
          ],
          "store_path": "/nix/store/pdjzsjaza8krvfmvr6a1j515biym3hbw-networkmanager-1.58.0"
        },
        "x86_64-linux": {
          "outputs": [
            {
              "name": "out",
              "path": "/nix/store/6qz6q8j2r2cirh33f67mpdsxnqf8d680-networkmanager-1.58.0",
              "default": true
            },
            {
              "name": "man",
              "path": "/nix/store/hv66sh6gfz9v32hriiigs321gc7fxxhq-networkmanager-1.58.0-man",
              "default": true
            },
            {
              "name": "dev",
              "path": "/nix/store/4yr6rwcdi90b955sxiazxncd2di8xccb-networkmanager-1.58.0-dev"
            },
            {
              "name": "devdoc",
              "path": "/nix/store/p7wz1vcm86yszla8k0lva9c8rrdv7myv-networkmanager-1.58.0-devdoc"
            },
            {
              "name": "doc",
              "path": "/nix/store/05f3lblm8ln8ji5ackhgza25i69f9wlp-networkmanager-1.58.0-doc"
            }
          ],
          "store_path": "/nix/store/6qz6q8j2r2cirh33f67mpdsxnqf8d680-networkmanager-1.58.0"
        }
      }
    },
    "postgresql@latest": {
      "last_modified": "2026-08-27T07:16:00Z",
      "plugin_version": "0.0.2",
      "resolved": "github:NixOS/nixpkgs/c27cdad491a991b11ed731760aa2ef8db0cb0410#postgresql",
      "source": "devbox-search",
      "version": "18.6",
      "systems": {
        "aarch64-darwin": {
          "outputs": [
            {
              "name": "out",
              "path": "/nix/store/zndqgdxn4p28iyax8raza3pfn7lkjw64-postgresql-18.6",
              "default": true
            },
            {
              "name": "man",
              "path": "/nix/store/vcpmm804kmh9d3dsa7lbs4sy31kzgdyv-postgresql-18.6-man",
              "default": true
            },
            {
              "name": "plperl",
              "path": "/nix/store/hxla2jzl7ayf414byhha12arg65ikbw3-postgresql-18.6-plperl"
            },
            {
              "name": "jit",
              "path": "/nix/store/wzfsmchzqzxpjj07ni1iacv8kn24crhp-postgresql-18.6-jit"
            },
            {
              "name": "lib",
              "path": "/nix/store/4n0cyq26dskdxq69d9c4hci8wkylh6bf-postgresql-18.6-lib"
            },
            {
              "name": "plpython3",
              "path": "/nix/store/ihpg04gy6kr3d4rr0m04n9sx7y50vbsn-postgresql-18.6-plpython3"
            },
            {
              "name": "pltcl",
              "path": "/nix/store/jsaccr2cdkxgsw7j40rsbri108z6ap86-postgresql-18.6-pltcl"
            },
            {
              "name": "dev",
              "path": "/nix/store/g6mn0a7jc54a5yr76rq6x7crm91fmz57-postgresql-18.6-dev"
            },
            {
              "name": "doc",
              "path": "/nix/store/sz801w6452pq74bwipz6ncj180m64kgh-postgresql-18.6-doc"
            }
          ],
          "store_path": "/nix/store/zndqgdxn4p28iyax8raza3pfn7lkjw64-postgresql-18.6"
        },
        "aarch64-linux": {
          "outputs": [
            {
              "name": "out",
              "path": "/nix/store/d3jgjf9yvbf5q3bh3d56vvr9x7ydsjgv-postgresql-18.6",
              "default": true
            },
            {
              "name": "man",
              "path": "/nix/store/hgv2f2547hv1mwdpr9h0z4fgbj5jcb5v-postgresql-18.6-man",
              "default": true
            },
            {
              "name": "debug",
              "path": "/nix/store/4kw230jx32wm5mc8d1zr2xnlwil3v6s2-postgresql-18.6-debug"
            },
            {
              "name": "dev",
              "path": "/nix/store/8mjm908kr4ap1wwf6s5b7ar1dx1np0hp-postgresql-18.6-dev"
            },
            {
              "name": "lib",
              "path": "/nix/store/1p5llfgr4zza8dll1rnibc8x3qwq4gr7-postgresql-18.6-lib"
            },
            {
              "name": "plperl",
              "path": "/nix/store/sidyg3rfbmxbamv9xmhxasfpz8z8d1f5-postgresql-18.6-plperl"
            },
            {
              "name": "doc",
              "path": "/nix/store/03q7nrv8lf3xn1yzjfphg4n4fxzsyzqw-postgresql-18.6-doc"
            },
            {
              "name": "jit",
              "path": "/nix/store/rxndbq1lal2i65a55myzddnlxcl898gj-postgresql-18.6-jit"
            },
            {
              "name": "plpython3",
              "path": "/nix/store/f533d0xrh4xmd569jls0iz46lqknrp88-postgresql-18.6-plpython3"
            },
            {
              "name": "pltcl",
              "path": "/nix/store/lj4klnqiqg7xkkkhmdy4n4d7r3svcyky-postgresql-18.6-pltcl"
            }
          ],
          "store_path": "/nix/store/d3jgjf9yvbf5q3bh3d56vvr9x7ydsjgv-postgresql-18.6"
        },
        "x86_64-linux": {
          "outputs": [
            {
              "name": "out",
              "path": "/nix/store/h9aczmrkpcmm9z47648m5n9sg67vi5gw-postgresql-18.6",
              "default": true
            },
            {
              "name": "man",
              "path": "/nix/store/pv5pg4q7k7261z2j7z5qs7frg0rvz9b3-postgresql-18.6-man",
              "default": true
            },
            {
              "name": "doc",
              "path": "/nix/store/8z4wgfcyc5a2qqmdg562qhyqi7c29l4g-postgresql-18.6-doc"
            },
            {
              "name": "lib",
              "path": "/nix/store/vgkmbbqcpmm5wagmf6gv8jv06v3lp21s-postgresql-18.6-lib"
            },
            {
              "name": "plperl",
              "path": "/nix/store/m6gjxgw9biyc46dg1sbsgycr3scqf4v8-postgresql-18.6-plperl"
            },
            {
              "name": "pltcl",
              "path": "/nix/store/x1mgd47yiskrnqd607fw7aj4mvgd8dmb-postgresql-18.6-pltcl"
            },
            {
              "name": "debug",
              "path": "/nix/store/g87ds83g9q0q50x3dvlvacw5fix0xdfx-postgresql-18.6-debug"
            },
            {
              "name": "dev",
              "path": "/nix/store/kyljy9lpzxcnj0mmayhn6pja667mxcqv-postgresql-18.6-dev"
            },
            {
              "name": "jit",
              "path": "/nix/store/0pm89bxz4n3bmhg43z9l5y0pj4wk6h49-postgresql-18.6-jit"
            },
            {
              "name": "plpython3",
              "path": "/nix/store/y55nfhp3188m4k438hy6lw1h55z472ga-postgresql-18.6-plpython3"
            }
          ],
          "store_path": "/nix/store/h9aczmrkpcmm9z47648m5n9sg67vi5gw-postgresql-18.6"
        }
      }
    },
    "uv@latest": {
      "last_modified": "2026-08-27T07:16:00Z",
      "resolved": "github:NixOS/nixpkgs/c27cdad491a991b11ed731760aa2ef8db0cb0410#uv",
      "source": "devbox-search",
      "version": "0.12.5",
      "systems": {
        "aarch64-darwin": {
          "outputs": [
            {
              "name": "out",
              "path": "/nix/store/71zq15rr7i4avy58y89hfgf2lhp3b7la-uv-0.12.5",
              "default": true
            }
          ],
          "store_path": "/nix/store/71zq15rr7i4avy58y89hfgf2lhp3b7la-uv-0.12.5"
        },
        "aarch64-linux": {
          "outputs": [
            {
              "name": "out",
              "path": "/nix/store/s2pqw31dkyrcym72fcdn0h9myl0yy9ix-uv-0.12.5",
              "default": true
            }
          ],
          "store_path": "/nix/store/s2pqw31dkyrcym72fcdn0h9myl0yy9ix-uv-0.12.5"
        },
        "x86_64-linux": {
          "outputs": [
            {
              "name": "out",
              "path": "/nix/store/v6av5m4035ds4558ax9sh0ywwnkjnd7b-uv-0.12.5",
              "default": true
            }
          ],
          "store_path": "/nix/store/v6av5m4035ds4558ax9sh0ywwnkjnd7b-uv-0.12.5"
        }
      }
    },
    "velero@latest": {
      "last_modified": "2026-08-27T07:16:00Z",
      "resolved": "github:NixOS/nixpkgs/c27cdad491a991b11ed731760aa2ef8db0cb0410#velero",
      "source": "devbox-search",
      "version": "1.18.2",
      "systems": {
        "aarch64-darwin": {
          "outputs": [
            {
              "name": "out",
              "path": "/nix/store/jl1zkx6g4clvg58c3rm4cpvz35k2c3wl-velero-1.18.2",
              "default": true
            }
          ],
          "store_path": "/nix/store/jl1zkx6g4clvg58c3rm4cpvz35k2c3wl-velero-1.18.2"
        },
        "aarch64-linux": {
          "outputs": [
            {
              "name": "out",
              "path": "/nix/store/i2faa5b6967i3sgxhcic8dn729yr4n8d-velero-1.18.2",
              "default": true
            }
          ],
          "store_path": "/nix/store/i2faa5b6967i3sgxhcic8dn729yr4n8d-velero-1.18.2"
        },
        "x86_64-linux": {
          "outputs": [
            {
              "name": "out",
              "path": "/nix/store/aqlqczgfgy9jbgmxgch9lmfvwzwyd7w3-velero-1.18.2",
              "default": true
            }
          ],
          "store_path": "/nix/store/aqlqczgfgy9jbgmxgch9lmfvwzwyd7w3-velero-1.18.2"
        }
      }
    },
    "xfsprogs@latest": {
      "last_modified": "2026-08-27T07:16:00Z",
      "resolved": "github:NixOS/nixpkgs/c27cdad491a991b11ed731760aa2ef8db0cb0410#xfsprogs",
      "source": "devbox-search",
      "version": "7.1.1",
      "systems": {
        "aarch64-linux": {
          "outputs": [
            {
              "name": "bin",
              "path": "/nix/store/vnhv9y48d0dwcnfj4w0k39x4xy73p6zq-xfsprogs-7.1.1-bin",
              "default": true
            },
            {
              "name": "man",
              "path": "/nix/store/4cl2iq1x4y7ximsm2vn4visg0v7ixv4y-xfsprogs-7.1.1-man",
              "default": true
            },
            {
              "name": "doc",
              "path": "/nix/store/x45a3ib8i17f1904nbyqgqf85fgz0drx-xfsprogs-7.1.1-doc"
            },
            {
              "name": "out",
              "path": "/nix/store/rn9ycxhni8hzvhzx7q8b9mri0cjwxhfd-xfsprogs-7.1.1"
            },
            {
              "name": "dev",
              "path": "/nix/store/3xgwkdn251f6cj3nf49nhscm3rp1jadj-xfsprogs-7.1.1-dev"
            }
          ],
          "store_path": "/nix/store/vnhv9y48d0dwcnfj4w0k39x4xy73p6zq-xfsprogs-7.1.1-bin"
        },
        "x86_64-linux": {
          "outputs": [
            {
              "name": "bin",
              "path": "/nix/store/c4bh8ipd5jwxq44g4m630jswac1bqa6d-xfsprogs-7.1.1-bin",
              "default": true
            },
            {
              "name": "man",
              "path": "/nix/store/gwns0qrvlfl7hgbim7qrln5qxbd99j5v-xfsprogs-7.1.1-man",
              "default": true
            },
            {
              "name": "dev",
              "path": "/nix/store/9zd4gks6xgr5b7132g6r3kh68midkf2l-xfsprogs-7.1.1-dev"
            },
            {
              "name": "doc",
              "path": "/nix/store/39wnrm9y9lpv2xa19j5rawdjx30qavya-xfsprogs-7.1.1-doc"
            },
            {
              "name": "out",
              "path": "/nix/store/zzyn4iljzgvf7isqj2kdsb4bbq5ms5z4-xfsprogs-7.1.1"
            }
          ],
          "store_path": "/nix/store/c4bh8ipd5jwxq44g4m630jswac1bqa6d-xfsprogs-7.1.1-bin"
        }
      }
    },
    "yq@latest": {
      "last_modified": "2026-08-27T07:16:00Z",
      "resolved": "github:NixOS/nixpkgs/c27cdad491a991b11ed731760aa2ef8db0cb0410#yq",
      "source": "devbox-search",
      "version": "3.4.3",
      "systems": {
        "aarch64-darwin": {
          "outputs": [
            {
              "name": "out",
              "path": "/nix/store/jdw3sxddvvl22qc23fan66w52d9m1756-python3.14-yq-3.4.3",
              "default": true
            },
            {
              "name": "dist",
              "path": "/nix/store/8md590as0ng5wh6qhyg35p3wrdfiqwhs-python3.14-yq-3.4.3-dist"
            }
          ],
          "store_path": "/nix/store/jdw3sxddvvl22qc23fan66w52d9m1756-python3.14-yq-3.4.3"
        },
        "aarch64-linux": {
          "outputs": [
            {
              "name": "out",
              "path": "/nix/store/zwsf7blzcplwvq9sv8r4vx5sg13x8iqh-python3.14-yq-3.4.3",
              "default": true
            },
            {
              "name": "dist",
              "path": "/nix/store/nr4kknybhf4iwiy3f6d941nc20d57k8z-python3.14-yq-3.4.3-dist"
            }
          ],
          "store_path": "/nix/store/zwsf7blzcplwvq9sv8r4vx5sg13x8iqh-python3.14-yq-3.4.3"
        },
        "x86_64-darwin": {
          "outputs": [
            {
              "name": "out",
              "path": "/nix/store/bb9zf0z1k84g85ncgxphxadlvbgrvafl-python3.13-yq-3.4.3",
              "default": true
            },
            {
              "name": "dist",
              "path": "/nix/store/piqw2x2l94ykijb1hayf87hp6pvqlkk6-python3.13-yq-3.4.3-dist"
            }
          ],
          "store_path": "/nix/store/bb9zf0z1k84g85ncgxphxadlvbgrvafl-python3.13-yq-3.4.3"
        },
        "x86_64-linux": {
          "outputs": [
            {
              "name": "out",
              "path": "/nix/store/grp75rg6i620ca2b1p2xc868wadd4ziz-python3.14-yq-3.4.3",
              "default": true
            },
            {
              "name": "dist",
              "path": "/nix/store/cs65rj1ryb7jy6nlc8dppshnbpmbdv0d-python3.14-yq-3.4.3-dist"
            }
          ],
          "store_path": "/nix/store/grp75rg6i620ca2b1p2xc868wadd4ziz-python3.14-yq-3.4.3"
        }
      }
    }
  }
}
