{
  "lockfile_version": "1",
  "packages": {
    "curl@latest": {
      "last_modified": "2025-12-05T15:03:55Z",
      "resolved": "github:NixOS/nixpkgs/a672be65651c80d3f592a89b3945466584a22069#curl",
      "source": "devbox-search",
      "version": "8.17.0",
      "systems": {
        "aarch64-darwin": {
          "outputs": [
            {
              "name": "bin",
              "path": "/nix/store/qfwqcndy8bji6xww0gizclf2nqi2qpph-curl-8.17.0-bin",
              "default": true
            },
            {
              "name": "man",
              "path": "/nix/store/rk815zvrhwzbi7c6d589v2mhxzyzb400-curl-8.17.0-man",
              "default": true
            },
            {
              "name": "dev",
              "path": "/nix/store/ydp55g2mbd6rk6lfw0krkk3jwgdiqj5d-curl-8.17.0-dev"
            },
            {
              "name": "devdoc",
              "path": "/nix/store/8s884m82fmrbiyz8malglqc4sd632dkc-curl-8.17.0-devdoc"
            },
            {
              "name": "out",
              "path": "/nix/store/yxv8fxaz0fyhc31dv3rz89kc50zw5hgj-curl-8.17.0"
            }
          ],
          "store_path": "/nix/store/qfwqcndy8bji6xww0gizclf2nqi2qpph-curl-8.17.0-bin"
        },
        "aarch64-linux": {
          "outputs": [
            {
              "name": "bin",
              "path": "/nix/store/4x19j6zihdl6pya63xs8g360f2r614sx-curl-8.17.0-bin",
              "default": true
            },
            {
              "name": "man",
              "path": "/nix/store/b29qbmbfvzkm34k0jnj8ykqg2gzj3rdy-curl-8.17.0-man",
              "default": true
            },
            {
              "name": "debug",
              "path": "/nix/store/5hmbdk99knmbg8b0fzh96bv6bkcf6v5i-curl-8.17.0-debug"
            },
            {
              "name": "dev",
              "path": "/nix/store/iqs9mjscns3h5npgkrhgr5xa7qzwd0si-curl-8.17.0-dev"
            },
            {
              "name": "devdoc",
              "path": "/nix/store/1fwncv08c8g78k3hj3cj375vx92ndrp8-curl-8.17.0-devdoc"
            },
            {
              "name": "out",
              "path": "/nix/store/b0a6qc92vybjiggh0kg387cg0zp3kl6j-curl-8.17.0"
            }
          ],
          "store_path": "/nix/store/4x19j6zihdl6pya63xs8g360f2r614sx-curl-8.17.0-bin"
        },
        "x86_64-darwin": {
          "outputs": [
            {
              "name": "bin",
              "path": "/nix/store/w2336wv560g1n58cwashmmczdn3bfkq1-curl-8.17.0-bin",
              "default": true
            },
            {
              "name": "man",
              "path": "/nix/store/i6xmhcan8g4abda7ivv20nvwxrsssjqj-curl-8.17.0-man",
              "default": true
            },
            {
              "name": "devdoc",
              "path": "/nix/store/ipa7v9z7pjcnnv0fmdya1fldcxv0a28z-curl-8.17.0-devdoc"
            },
            {
              "name": "out",
              "path": "/nix/store/x9gyg634fi8mgcyay9mqa1ral7xg72fm-curl-8.17.0"
            },
            {
              "name": "dev",
              "path": "/nix/store/39zfdgq9kg3mb4sycf8pj4pdssrzki6c-curl-8.17.0-dev"
            }
          ],
          "store_path": "/nix/store/w2336wv560g1n58cwashmmczdn3bfkq1-curl-8.17.0-bin"
        },
        "x86_64-linux": {
          "outputs": [
            {
              "name": "bin",
              "path": "/nix/store/0rfz69vp1nl0q2hxzig20hc60sk72z62-curl-8.17.0-bin",
              "default": true
            },
            {
              "name": "man",
              "path": "/nix/store/ijd0yybyzwm98d3q6x7a9cyixgxk0i5d-curl-8.17.0-man",
              "default": true
            },
            {
              "name": "debug",
              "path": "/nix/store/h1fxw0xrifxvbhcp7b8hxsgirxxxfzav-curl-8.17.0-debug"
            },
            {
              "name": "dev",
              "path": "/nix/store/ikmdk37frjdblkba3wl3xws2wwgln17x-curl-8.17.0-dev"
            },
            {
              "name": "devdoc",
              "path": "/nix/store/jm6irg81cc0hqg43l39lkxr6pb0w2xk5-curl-8.17.0-devdoc"
            },
            {
              "name": "out",
              "path": "/nix/store/8idis3j5l13c3x74jl8xly0k4qyk9mx6-curl-8.17.0"
            }
          ],
          "store_path": "/nix/store/0rfz69vp1nl0q2hxzig20hc60sk72z62-curl-8.17.0-bin"
        }
      }
    },
    "expect@latest": {
      "last_modified": "2026-08-01T16:34:20Z",
      "resolved": "github:NixOS/nixpkgs/a5cbcfe954791221bfffe2307f7d1a1bf61a871e#expect",
      "source": "devbox-search",
      "version": "5.45.4",
      "systems": {
        "aarch64-darwin": {
          "outputs": [
            {
              "name": "out",
              "path": "/nix/store/xwrvrmy0ydrl18p1rjr94gy92ryjjh6m-expect-5.45.4",
              "default": true
            },
            {
              "name": "dev",
              "path": "/nix/store/b6k2dcapz0d2m76pgfs1hb50i8acazbc-expect-5.45.4-dev"
            }
          ],
          "store_path": "/nix/store/xwrvrmy0ydrl18p1rjr94gy92ryjjh6m-expect-5.45.4"
        },
        "aarch64-linux": {
          "outputs": [
            {
              "name": "out",
              "path": "/nix/store/5xk1l4ir6ybljlslqzgx4qn6rcacwk58-expect-5.45.4",
              "default": true
            },
            {
              "name": "dev",
              "path": "/nix/store/mfiyzagrz6jbjbvya8vrj46cf464f3pn-expect-5.45.4-dev"
            }
          ],
          "store_path": "/nix/store/5xk1l4ir6ybljlslqzgx4qn6rcacwk58-expect-5.45.4"
        },
        "x86_64-darwin": {
          "outputs": [
            {
              "name": "out",
              "path": "/nix/store/gmmkxgnyga4xd26q57cs1vz629jc1749-expect-5.45.4",
              "default": true
            },
            {
              "name": "dev",
              "path": "/nix/store/0hm1y4795f8cgl2bnqj1brls06v3rxyy-expect-5.45.4-dev"
            }
          ],
          "store_path": "/nix/store/gmmkxgnyga4xd26q57cs1vz629jc1749-expect-5.45.4"
        },
        "x86_64-linux": {
          "outputs": [
            {
              "name": "out",
              "path": "/nix/store/2giizhn66pv1jq66yngq76r8n638wvqv-expect-5.45.4",
              "default": true
            },
            {
              "name": "dev",
              "path": "/nix/store/rj44vh0p8ky3dij1b79d32ww2wqxn0pk-expect-5.45.4-dev"
            }
          ],
          "store_path": "/nix/store/2giizhn66pv1jq66yngq76r8n638wvqv-expect-5.45.4"
        }
      }
    },
    "git@latest": {
      "last_modified": "2026-08-01T16:34:20Z",
      "resolved": "github:NixOS/nixpkgs/a5cbcfe954791221bfffe2307f7d1a1bf61a871e#git",
      "source": "devbox-search",
      "version": "2.55.0",
      "systems": {
        "aarch64-darwin": {
          "outputs": [
            {
              "name": "out",
              "path": "/nix/store/rim5n939lwjc8mah63ld1q31i6n7bvf0-git-2.55.0",
              "default": true
            },
            {
              "name": "doc",
              "path": "/nix/store/y34pxb3x3h1gyvcfvanqlfjzm0c86cb4-git-2.55.0-doc"
            }
          ],
          "store_path": "/nix/store/rim5n939lwjc8mah63ld1q31i6n7bvf0-git-2.55.0"
        },
        "aarch64-linux": {
          "outputs": [
            {
              "name": "out",
              "path": "/nix/store/v2iradivx07xjqwk2q71i57pwxw6wh4g-git-2.55.0",
              "default": true
            },
            {
              "name": "debug",
              "path": "/nix/store/nsck4ncjjmdy8c5h83yw297c7xxv64xx-git-2.55.0-debug"
            },
            {
              "name": "doc",
              "path": "/nix/store/bz8bdi34lg4w10kxs9bm93658ary5rrz-git-2.55.0-doc"
            }
          ],
          "store_path": "/nix/store/v2iradivx07xjqwk2q71i57pwxw6wh4g-git-2.55.0"
        },
        "x86_64-linux": {
          "outputs": [
            {
              "name": "out",
              "path": "/nix/store/6f0qqak4qbcrbw4f750phr88c9yhpf5s-git-2.55.0",
              "default": true
            },
            {
              "name": "debug",
              "path": "/nix/store/rwiamhfaqkns90xsalafayg01afk3pza-git-2.55.0-debug"
            },
            {
              "name": "doc",
              "path": "/nix/store/bddpyi6cgkp3v8f58i900hymgfvkyag5-git-2.55.0-doc"
            }
          ],
          "store_path": "/nix/store/6f0qqak4qbcrbw4f750phr88c9yhpf5s-git-2.55.0"
        }
      }
    },
    "github:NixOS/nixpkgs/nixpkgs-unstable": {
      "last_modified": "2026-08-18T11:35:56Z",
      "resolved": "github:NixOS/nixpkgs/b47ad65d73ab65ded9ab408fe558866d71defee8?lastModified=1787052956&narHash=sha256-fZt7Au28AduGpt7vRfIOcpsHKJ%2B9cEnuQ2NdWuh0KVc%3D"
    },
    "glibcLocales@latest": {
      "last_modified": "2026-08-01T16:34:20Z",
      "resolved": "github:NixOS/nixpkgs/a5cbcfe954791221bfffe2307f7d1a1bf61a871e#glibcLocales",
      "source": "devbox-search",
      "version": "2.42-67",
      "systems": {
        "aarch64-linux": {
          "outputs": [
            {
              "name": "out",
              "path": "/nix/store/yjkwc3vsjhzbsljhx8gag7g5qxdbhjbm-glibc-locales-2.42-67",
              "default": true
            }
          ],
          "store_path": "/nix/store/yjkwc3vsjhzbsljhx8gag7g5qxdbhjbm-glibc-locales-2.42-67"
        },
        "x86_64-linux": {
          "outputs": [
            {
              "name": "out",
              "path": "/nix/store/pd6x6gghx09w89ph3g4vx01fq497x8vd-glibc-locales-2.42-67",
              "default": true
            }
          ],
          "store_path": "/nix/store/pd6x6gghx09w89ph3g4vx01fq497x8vd-glibc-locales-2.42-67"
        }
      }
    },
    "gnumake@latest": {
      "last_modified": "2026-08-07T10:21:50Z",
      "resolved": "github:NixOS/nixpkgs/afb4584a80bbf779ce0f691509ff902d188c2b3d#gnumake",
      "source": "devbox-search",
      "version": "4.4.1",
      "systems": {
        "aarch64-darwin": {
          "outputs": [
            {
              "name": "out",
              "path": "/nix/store/rhw2r5z1rbp9msj03kf8i4rq1hygnm0f-gnumake-4.4.1",
              "default": true
            },
            {
              "name": "man",
              "path": "/nix/store/av26gjivcsjdhq68pg6wb1l9f0ixakbv-gnumake-4.4.1-man",
              "default": true
            },
            {
              "name": "doc",
              "path": "/nix/store/qpb2zaah86v6z1b0f40y90m6kf42hy3i-gnumake-4.4.1-doc"
            },
            {
              "name": "info",
              "path": "/nix/store/dw5r16j2bsfpznbnzk3bbgxi3czy0rvn-gnumake-4.4.1-info"
            }
          ],
          "store_path": "/nix/store/rhw2r5z1rbp9msj03kf8i4rq1hygnm0f-gnumake-4.4.1"
        },
        "aarch64-linux": {
          "outputs": [
            {
              "name": "out",
              "path": "/nix/store/wadg45zgfyi9a4dcm5fy3qvlas76cr2z-gnumake-4.4.1",
              "default": true
            },
            {
              "name": "man",
              "path": "/nix/store/fa0k4ps7a35yxf902shfzz8gmd8a9x2g-gnumake-4.4.1-man",
              "default": true
            },
            {
              "name": "doc",
              "path": "/nix/store/ffz5ypa2rwi78c6c9syncnpwhhdhaqr1-gnumake-4.4.1-doc"
            },
            {
              "name": "info",
              "path": "/nix/store/kj5yr5dpvzij2x83ig9y0bp3dbvgsyic-gnumake-4.4.1-info"
            },
            {
              "name": "debug",
              "path": "/nix/store/fc4qn0vswxpj2qmprk0p0nvill18z7hb-gnumake-4.4.1-debug"
            }
          ],
          "store_path": "/nix/store/wadg45zgfyi9a4dcm5fy3qvlas76cr2z-gnumake-4.4.1"
        },
        "x86_64-darwin": {
          "outputs": [
            {
              "name": "out",
              "path": "/nix/store/0bg5b97b9hbhz8907bfcrch1i116xppa-gnumake-4.4.1",
              "default": true
            },
            {
              "name": "man",
              "path": "/nix/store/wb4yn3d7vmi1hr4f8pz38rjvcl7f70ma-gnumake-4.4.1-man",
              "default": true
            },
            {
              "name": "doc",
              "path": "/nix/store/3b9cjf16jx4ncpp3b4k6m8q01nxsrw1n-gnumake-4.4.1-doc"
            },
            {
              "name": "info",
              "path": "/nix/store/rriz5p4q8a6sca7sw3p3js1m5dl09ia8-gnumake-4.4.1-info"
            }
          ],
          "store_path": "/nix/store/0bg5b97b9hbhz8907bfcrch1i116xppa-gnumake-4.4.1"
        },
        "x86_64-linux": {
          "outputs": [
            {
              "name": "out",
              "path": "/nix/store/r60jpv4jr5h50f0rj1k5adlwic2vgldn-gnumake-4.4.1",
              "default": true
            },
            {
              "name": "man",
              "path": "/nix/store/8ayxbdiddzn28damz1f9gb0asx1j409b-gnumake-4.4.1-man",
              "default": true
            },
            {
              "name": "debug",
              "path": "/nix/store/1a2srjw3r7sif10sh4zl3k0zin0f09xm-gnumake-4.4.1-debug"
            },
            {
              "name": "doc",
              "path": "/nix/store/15y7ym18qm8dk03b7fnpc9bvccccm33q-gnumake-4.4.1-doc"
            },
            {
              "name": "info",
              "path": "/nix/store/p18m4dcs9wylvddhprcczaaqqns2sb1d-gnumake-4.4.1-info"
            }
          ],
          "store_path": "/nix/store/r60jpv4jr5h50f0rj1k5adlwic2vgldn-gnumake-4.4.1"
        }
      }
    },
    "gnupg@latest": {
      "last_modified": "2026-08-01T16:34:20Z",
      "resolved": "github:NixOS/nixpkgs/a5cbcfe954791221bfffe2307f7d1a1bf61a871e#gnupg",
      "source": "devbox-search",
      "version": "2.4.9",
      "systems": {
        "aarch64-darwin": {
          "outputs": [
            {
              "name": "out",
              "path": "/nix/store/86m5gnvlk8l7fp63i6sk3dcmz35j36bx-gnupg-2.4.9",
              "default": true
            },
            {
              "name": "man",
              "path": "/nix/store/gchc64wi3bgw9sl3fj7ym1s5rsgpqbv4-gnupg-2.4.9-man",
              "default": true
            },
            {
              "name": "doc",
              "path": "/nix/store/dvkd3iirqixn3xy1z6xc0mg89g6hcla8-gnupg-2.4.9-doc"
            },
            {
              "name": "info",
              "path": "/nix/store/kpmzyf0hvqa229gs1nj3dl89h9nkkbx4-gnupg-2.4.9-info"
            }
          ],
          "store_path": "/nix/store/86m5gnvlk8l7fp63i6sk3dcmz35j36bx-gnupg-2.4.9"
        },
        "aarch64-linux": {
          "outputs": [
            {
              "name": "out",
              "path": "/nix/store/l7y198axbpz7r84g4k5xcyjmaigw2iis-gnupg-2.4.9",
              "default": true
            },
            {
              "name": "man",
              "path": "/nix/store/zkgh82v7gcf473msz4sni0v7j5sp5f6i-gnupg-2.4.9-man",
              "default": true
            },
            {
              "name": "doc",
              "path": "/nix/store/ghmmw6chw8i451k316ligw5hr53gg717-gnupg-2.4.9-doc"
            },
            {
              "name": "info",
              "path": "/nix/store/lkkmvb7fpdikm72z841f1yz5qlhsm9n8-gnupg-2.4.9-info"
            }
          ],
          "store_path": "/nix/store/l7y198axbpz7r84g4k5xcyjmaigw2iis-gnupg-2.4.9"
        },
        "x86_64-darwin": {
          "outputs": [
            {
              "name": "out",
              "path": "/nix/store/n3md9y3mqg5n7ics64chfjfzhn45qby3-gnupg-2.4.9",
              "default": true
            },
            {
              "name": "man",
              "path": "/nix/store/401dixxj0zdpsky85pkig64hi4ah79yv-gnupg-2.4.9-man",
              "default": true
            },
            {
              "name": "doc",
              "path": "/nix/store/jdkh6plqi5s2s5cqbckfwcd8lnwyx50g-gnupg-2.4.9-doc"
            },
            {
              "name": "info",
              "path": "/nix/store/7hz218wdccp4nz41xmdwsjpx57ilwihm-gnupg-2.4.9-info"
            }
          ],
          "store_path": "/nix/store/n3md9y3mqg5n7ics64chfjfzhn45qby3-gnupg-2.4.9"
        },
        "x86_64-linux": {
          "outputs": [
            {
              "name": "out",
              "path": "/nix/store/fbwf5j9xqszqrfi7hdm2x40n80j6m1r4-gnupg-2.4.9",
              "default": true
            },
            {
              "name": "man",
              "path": "/nix/store/75v8byddvci6mrf2vxrrrjpfr2a1j860-gnupg-2.4.9-man",
              "default": true
            },
            {
              "name": "doc",
              "path": "/nix/store/1p1jxj0m73d2kbzs77sks8p558pggnvs-gnupg-2.4.9-doc"
            },
            {
              "name": "info",
              "path": "/nix/store/kii2n39giwijx8al00ckjxr3cfkda45j-gnupg-2.4.9-info"
            }
          ],
          "store_path": "/nix/store/fbwf5j9xqszqrfi7hdm2x40n80j6m1r4-gnupg-2.4.9"
        }
      }
    },
    "jq@latest": {
      "last_modified": "2026-08-05T07:53:23Z",
      "resolved": "github:NixOS/nixpkgs/3a971fa2e67dcb0f2f2cfed2d37e7956567d73d1#jq",
      "source": "devbox-search",
      "version": "1.8.2",
      "systems": {
        "aarch64-darwin": {
          "outputs": [
            {
              "name": "bin",
              "path": "/nix/store/si622aj9znsy96kdwsrg54dxzp9m35qw-jq-1.8.2-bin",
              "default": true
            },
            {
              "name": "man",
              "path": "/nix/store/jp2c61il2ycagni1j5c1jrglnypvbf5k-jq-1.8.2-man",
              "default": true
            },
            {
              "name": "dev",
              "path": "/nix/store/zcvl9cnw5a44f74gw8aa8fh8cfynjc76-jq-1.8.2-dev"
            },
            {
              "name": "doc",
              "path": "/nix/store/4s66blj2afdqbzaq8ilw30v7kpjb6ypw-jq-1.8.2-doc"
            },
            {
              "name": "out",
              "path": "/nix/store/z28yr7h99fi3mch4dh3bc50bjk6malsl-jq-1.8.2"
            }
          ],
          "store_path": "/nix/store/si622aj9znsy96kdwsrg54dxzp9m35qw-jq-1.8.2-bin"
        },
        "aarch64-linux": {
          "outputs": [
            {
              "name": "bin",
              "path": "/nix/store/rjaclwgima9ssysv7v0h2hq46g8sikd4-jq-1.8.2-bin",
              "default": true
            },
            {
              "name": "man",
              "path": "/nix/store/1w15pijismpwnainv71a6pdnsypjnqg7-jq-1.8.2-man",
              "default": true
            },
            {
              "name": "dev",
              "path": "/nix/store/yy0mx8yjmzkk154mmp1vx4b0kz0ndw6y-jq-1.8.2-dev"
            },
            {
              "name": "doc",
              "path": "/nix/store/yqx0xva9dq6rnvxgwcadrmni1l8ympa1-jq-1.8.2-doc"
            },
            {
              "name": "out",
              "path": "/nix/store/0x995g1z807ynhzsh2f6yj0jsw6pr50f-jq-1.8.2"
            }
          ],
          "store_path": "/nix/store/rjaclwgima9ssysv7v0h2hq46g8sikd4-jq-1.8.2-bin"
        },
        "x86_64-linux": {
          "outputs": [
            {
              "name": "bin",
              "path": "/nix/store/4b6f9wb1qak318gk7mxlfkhril6lxpcx-jq-1.8.2-bin",
              "default": true
            },
            {
              "name": "man",
              "path": "/nix/store/4zwaa20khsi2drbg16i5z3wxbjf88mm6-jq-1.8.2-man",
              "default": true
            },
            {
              "name": "dev",
              "path": "/nix/store/sp8a7n50g32lzzsc7dz09ry2vc9bh4y0-jq-1.8.2-dev"
            },
            {
              "name": "doc",
              "path": "/nix/store/dp4rs4vpwp44c7vvgskj1hly0d6xqf2m-jq-1.8.2-doc"
            },
            {
              "name": "out",
              "path": "/nix/store/z438hrlp3j75bpmq87ymzabb8vrda8ps-jq-1.8.2"
            }
          ],
          "store_path": "/nix/store/4b6f9wb1qak318gk7mxlfkhril6lxpcx-jq-1.8.2-bin"
        }
      }
    },
    "just@latest": {
      "last_modified": "2026-08-10T07:49:06Z",
      "resolved": "github:NixOS/nixpkgs/d482ef84049d9b7276b83a06e4e4d76983830097#just",
      "source": "devbox-search",
      "version": "1.58.0",
      "systems": {
        "aarch64-darwin": {
          "outputs": [
            {
              "name": "out",
              "path": "/nix/store/ihsdfh1na2rzqalygr82d5qikiahiwnd-just-1.58.0",
              "default": true
            },
            {
              "name": "man",
              "path": "/nix/store/d7z9yd70lw20x6qqkrcks8f8s7zrydpw-just-1.58.0-man",
              "default": true
            },
            {
              "name": "doc",
              "path": "/nix/store/p47q8293iafrgiwn7qk72vb4lbhklqvr-just-1.58.0-doc"
            }
          ],
          "store_path": "/nix/store/ihsdfh1na2rzqalygr82d5qikiahiwnd-just-1.58.0"
        },
        "aarch64-linux": {
          "outputs": [
            {
              "name": "out",
              "path": "/nix/store/rd60rw62xy6kf5zxii6faq62703341pd-just-1.58.0",
              "default": true
            },
            {
              "name": "man",
              "path": "/nix/store/prarbc4z1lq4w67bkm0kiqq2la1a2i6b-just-1.58.0-man",
              "default": true
            },
            {
              "name": "doc",
              "path": "/nix/store/259q4k1fnkvc13g881m4rgah221z8j6b-just-1.58.0-doc"
            }
          ],
          "store_path": "/nix/store/rd60rw62xy6kf5zxii6faq62703341pd-just-1.58.0"
        },
        "x86_64-linux": {
          "outputs": [
            {
              "name": "out",
              "path": "/nix/store/h9prkvik9i33agvfdyr7vhk6jg3w3r59-just-1.58.0",
              "default": true
            },
            {
              "name": "man",
              "path": "/nix/store/wab754pfpxcfk0vg9i08hm2dglh7q16h-just-1.58.0-man",
              "default": true
            },
            {
              "name": "doc",
              "path": "/nix/store/0y3793yd2hpa00pdf3z8p5r5xf4j6x79-just-1.58.0-doc"
            }
          ],
          "store_path": "/nix/store/h9prkvik9i33agvfdyr7vhk6jg3w3r59-just-1.58.0"
        }
      }
    },
    "kubectl@latest": {
      "last_modified": "2026-08-01T16:34:20Z",
      "resolved": "github:NixOS/nixpkgs/a5cbcfe954791221bfffe2307f7d1a1bf61a871e#kubectl",
      "source": "devbox-search",
      "version": "1.36.3",
      "systems": {
        "aarch64-darwin": {
          "outputs": [
            {
              "name": "out",
              "path": "/nix/store/3qb9nx5p60da5mxgpqykdgmr5yy63b25-kubectl-1.36.3",
              "default": true
            },
            {
              "name": "man",
              "path": "/nix/store/d5nh9pwixcm9672rhqwy655k9i2a26lp-kubectl-1.36.3-man",
              "default": true
            },
            {
              "name": "convert",
              "path": "/nix/store/yzb59f5y4qhra438w2lma11svrl58j9w-kubectl-1.36.3-convert"
            }
          ],
          "store_path": "/nix/store/3qb9nx5p60da5mxgpqykdgmr5yy63b25-kubectl-1.36.3"
        },
        "aarch64-linux": {
          "outputs": [
            {
              "name": "out",
              "path": "/nix/store/hrvl2jwvk4n983cm0pznqqq1wngkz5wi-kubectl-1.36.3",
              "default": true
            },
            {
              "name": "man",
              "path": "/nix/store/c2pj3axay86cxhmi9fmxd5g0rm7cpxb9-kubectl-1.36.3-man",
              "default": true
            },
            {
              "name": "convert",
              "path": "/nix/store/mj3q2rip56ykf0amhi5qldmpzmcwhl7s-kubectl-1.36.3-convert"
            }
          ],
          "store_path": "/nix/store/hrvl2jwvk4n983cm0pznqqq1wngkz5wi-kubectl-1.36.3"
        },
        "x86_64-linux": {
          "outputs": [
            {
              "name": "out",
              "path": "/nix/store/gr13vsi0xrrw3y6fpyrk2kgmkidpqrm9-kubectl-1.36.3",
              "default": true
            },
            {
              "name": "man",
              "path": "/nix/store/1yn762n6qnzpbrvmrz4qh1fd3gphg78z-kubectl-1.36.3-man",
              "default": true
            },
            {
              "name": "convert",
              "path": "/nix/store/xm69shzq95d044c87296rjfsq6a9fi3d-kubectl-1.36.3-convert"
            }
          ],
          "store_path": "/nix/store/gr13vsi0xrrw3y6fpyrk2kgmkidpqrm9-kubectl-1.36.3"
        }
      }
    },
    "kubernetes-helm@latest": {
      "last_modified": "2026-08-01T16:34:20Z",
      "resolved": "github:NixOS/nixpkgs/a5cbcfe954791221bfffe2307f7d1a1bf61a871e#kubernetes-helm",
      "source": "devbox-search",
      "version": "4.2.3",
      "systems": {
        "aarch64-darwin": {
          "outputs": [
            {
              "name": "out",
              "path": "/nix/store/zxlrdn6fsss4s2i496np7kdrwy92261j-kubernetes-helm-4.2.3",
              "default": true
            }
          ],
          "store_path": "/nix/store/zxlrdn6fsss4s2i496np7kdrwy92261j-kubernetes-helm-4.2.3"
        },
        "aarch64-linux": {
          "outputs": [
            {
              "name": "out",
              "path": "/nix/store/3m7a0rmsr6k5hs0xl2ym6kiv4iqgwypj-kubernetes-helm-4.2.3",
              "default": true
            }
          ],
          "store_path": "/nix/store/3m7a0rmsr6k5hs0xl2ym6kiv4iqgwypj-kubernetes-helm-4.2.3"
        },
        "x86_64-linux": {
          "outputs": [
            {
              "name": "out",
              "path": "/nix/store/wkb6xckn077grj4jqb6z6wgmwzj7g1xr-kubernetes-helm-4.2.3",
              "default": true
            }
          ],
          "store_path": "/nix/store/wkb6xckn077grj4jqb6z6wgmwzj7g1xr-kubernetes-helm-4.2.3"
        }
      }
    },
    "libisoburn@latest": {
      "last_modified": "2026-08-10T07:49:06Z",
      "resolved": "github:NixOS/nixpkgs/d482ef84049d9b7276b83a06e4e4d76983830097#libisoburn",
      "source": "devbox-search",
      "version": "1.5.8.pl02",
      "systems": {
        "aarch64-darwin": {
          "outputs": [
            {
              "name": "out",
              "path": "/nix/store/193z1bsk9agcys6lhh3xzfs4lf1rhix4-libisoburn-1.5.8.pl02",
              "default": true
            },
            {
              "name": "man",
              "path": "/nix/store/92fzib2ai3xaipnxknmqadylc0l1npw8-libisoburn-1.5.8.pl02-man",
              "default": true
            },
            {
              "name": "dev",
              "path": "/nix/store/3gzkf2i4l7kg52b1bg42k604bgfmrbx2-libisoburn-1.5.8.pl02-dev"
            },
            {
              "name": "info",
              "path": "/nix/store/gi6axx1a4inxxz06xgl3gf641cg62m14-libisoburn-1.5.8.pl02-info"
            },
            {
              "name": "lib",
              "path": "/nix/store/1rz6ar0jlp2mhdpkbzlik2rh3xl9gmzp-libisoburn-1.5.8.pl02-lib"
            }
          ],
          "store_path": "/nix/store/193z1bsk9agcys6lhh3xzfs4lf1rhix4-libisoburn-1.5.8.pl02"
        },
        "aarch64-linux": {
          "outputs": [
            {
              "name": "out",
              "path": "/nix/store/8dqwi6j9phpy8vqg1nbw23s6qazl3kii-libisoburn-1.5.8.pl02",
              "default": true
            },
            {
              "name": "man",
              "path": "/nix/store/9fasw1hkqj8wl04v98xkzbfn5hwahm4d-libisoburn-1.5.8.pl02-man",
              "default": true
            },
            {
              "name": "info",
              "path": "/nix/store/287mk7zk1cwyz499wkfa2b79ysa12ww5-libisoburn-1.5.8.pl02-info"
            },
            {
              "name": "lib",
              "path": "/nix/store/7pwy8l5v6amn4rbmxrfkvvzsvhwc2wzf-libisoburn-1.5.8.pl02-lib"
            },
            {
              "name": "dev",
              "path": "/nix/store/ff71bk19a9f4jp8vhi27ac7f619ykd7x-libisoburn-1.5.8.pl02-dev"
            }
          ],
          "store_path": "/nix/store/8dqwi6j9phpy8vqg1nbw23s6qazl3kii-libisoburn-1.5.8.pl02"
        },
        "x86_64-darwin": {
          "outputs": [
            {
              "name": "out",
              "path": "/nix/store/bmfw90iyry68bi352fagq63zqhvq69m5-libisoburn-1.5.8.pl02",
              "default": true
            },
            {
              "name": "man",
              "path": "/nix/store/injz3glph3g2147xp8zhxbh0x4rchnl7-libisoburn-1.5.8.pl02-man",
              "default": true
            },
            {
              "name": "lib",
              "path": "/nix/store/a0zzr8n58bbm00yhqkqxs3bpkq163dfc-libisoburn-1.5.8.pl02-lib"
            },
            {
              "name": "dev",
              "path": "/nix/store/h1d9py7dk56hmzv8p2zk4fgj47xqqf71-libisoburn-1.5.8.pl02-dev"
            },
            {
              "name": "info",
              "path": "/nix/store/crvj6i2lgfl29a1n6hywlfrbfbmxqjgw-libisoburn-1.5.8.pl02-info"
            }
          ],
          "store_path": "/nix/store/bmfw90iyry68bi352fagq63zqhvq69m5-libisoburn-1.5.8.pl02"
        },
        "x86_64-linux": {
          "outputs": [
            {
              "name": "out",
              "path": "/nix/store/3rxbgk67kc1i460nv0aafy0nxaalfm1r-libisoburn-1.5.8.pl02",
              "default": true
            },
            {
              "name": "man",
              "path": "/nix/store/6698i8ri855cp3lm7ci9vviws3hkz62q-libisoburn-1.5.8.pl02-man",
              "default": true
            },
            {
              "name": "info",
              "path": "/nix/store/hjy1rj7drnsfgmzql0w0xzq1pg05c32d-libisoburn-1.5.8.pl02-info"
            },
            {
              "name": "lib",
              "path": "/nix/store/lxj3y3q1jmciwd7lln4q6v3hal5n4qkw-libisoburn-1.5.8.pl02-lib"
            },
            {
              "name": "dev",
              "path": "/nix/store/zs6qplz4c74sfdv0pm5p0xbfagh6d7ld-libisoburn-1.5.8.pl02-dev"
            }
          ],
          "store_path": "/nix/store/3rxbgk67kc1i460nv0aafy0nxaalfm1r-libisoburn-1.5.8.pl02"
        }
      }
    },
    "libvirt@latest": {
      "last_modified": "2026-08-06T00:10:29Z",
      "resolved": "github:NixOS/nixpkgs/70ce234312134a463ba7728e94da2486a1d237ac#libvirt",
      "source": "devbox-search",
      "version": "12.4.0",
      "systems": {
        "aarch64-darwin": {
          "outputs": [
            {
              "name": "out",
              "path": "/nix/store/1bqpds57sx4hwj9gbc47a4391bz6bj8z-libvirt-12.4.0",
              "default": true
            }
          ],
          "store_path": "/nix/store/1bqpds57sx4hwj9gbc47a4391bz6bj8z-libvirt-12.4.0"
        },
        "aarch64-linux": {
          "outputs": [
            {
              "name": "out",
              "path": "/nix/store/c2ws5gbjwi2cv08anv9l9k2fixrz0ls9-libvirt-12.4.0",
              "default": true
            }
          ],
          "store_path": "/nix/store/c2ws5gbjwi2cv08anv9l9k2fixrz0ls9-libvirt-12.4.0"
        },
        "x86_64-darwin": {
          "outputs": [
            {
              "name": "out",
              "path": "/nix/store/5ksd6j4qn6c1y8nmlcrnyxr94snvvmks-libvirt-12.4.0",
              "default": true
            }
          ],
          "store_path": "/nix/store/5ksd6j4qn6c1y8nmlcrnyxr94snvvmks-libvirt-12.4.0"
        },
        "x86_64-linux": {
          "outputs": [
            {
              "name": "out",
              "path": "/nix/store/gx3prsq3s0pv2isgc1wbvj050r92xizh-libvirt-12.4.0",
              "default": true
            }
          ],
          "store_path": "/nix/store/gx3prsq3s0pv2isgc1wbvj050r92xizh-libvirt-12.4.0"
        }
      }
    },
    "networkmanager@latest": {
      "last_modified": "2026-08-10T07:49:06Z",
      "resolved": "github:NixOS/nixpkgs/d482ef84049d9b7276b83a06e4e4d76983830097#networkmanager",
      "source": "devbox-search",
      "version": "1.56.0",
      "systems": {
        "aarch64-linux": {
          "outputs": [
            {
              "name": "out",
              "path": "/nix/store/crfnmckggcmz15v4bb16a9l959qi3cvj-networkmanager-1.56.0",
              "default": true
            },
            {
              "name": "man",
              "path": "/nix/store/j257cq323vasv5k7g7iph4yhbn7vy31n-networkmanager-1.56.0-man",
              "default": true
            },
            {
              "name": "dev",
              "path": "/nix/store/6lb6bdqgdlkx3k4a6rnqbz8g8nl733sw-networkmanager-1.56.0-dev"
            },
            {
              "name": "devdoc",
              "path": "/nix/store/rfzr2kh5513fhrb10wk8qvj9p53dnj2j-networkmanager-1.56.0-devdoc"
            },
            {
              "name": "doc",
              "path": "/nix/store/96mbwsrb7n0yzyjgb7rcbwj3ivb633b2-networkmanager-1.56.0-doc"
            }
          ],
          "store_path": "/nix/store/crfnmckggcmz15v4bb16a9l959qi3cvj-networkmanager-1.56.0"
        },
        "x86_64-linux": {
          "outputs": [
            {
              "name": "out",
              "path": "/nix/store/1vdys88gvq1lg99am1p3xwr79vmd6iiq-networkmanager-1.56.0",
              "default": true
            },
            {
              "name": "man",
              "path": "/nix/store/5z9c4z3rbmd76m2946pi1mia5m3djfah-networkmanager-1.56.0-man",
              "default": true
            },
            {
              "name": "devdoc",
              "path": "/nix/store/wjwgv5sjvcrpq45nxz86h4wnvhzf73mf-networkmanager-1.56.0-devdoc"
            },
            {
              "name": "doc",
              "path": "/nix/store/gi7w3ij79ifh546x2wb4gy9s3sv5i1br-networkmanager-1.56.0-doc"
            },
            {
              "name": "dev",
              "path": "/nix/store/b3jhcyh2hsgknv4fa5k9dfnpkx0bs8yp-networkmanager-1.56.0-dev"
            }
          ],
          "store_path": "/nix/store/1vdys88gvq1lg99am1p3xwr79vmd6iiq-networkmanager-1.56.0"
        }
      }
    },
    "postgresql@latest": {
      "last_modified": "2026-08-10T07:49:06Z",
      "plugin_version": "0.0.2",
      "resolved": "github:NixOS/nixpkgs/d482ef84049d9b7276b83a06e4e4d76983830097#postgresql",
      "source": "devbox-search",
      "version": "18.4",
      "systems": {
        "aarch64-darwin": {
          "outputs": [
            {
              "name": "out",
              "path": "/nix/store/mm6rpynns3jfg6n4n661i3q51ipinly0-postgresql-18.4",
              "default": true
            },
            {
              "name": "man",
              "path": "/nix/store/mz2lc33brs0iaq25va4x27cmjzzblnj1-postgresql-18.4-man",
              "default": true
            },
            {
              "name": "plperl",
              "path": "/nix/store/z4d0q3ws0jxl1jmxyfl9dkanv7vv3bgg-postgresql-18.4-plperl"
            },
            {
              "name": "pltcl",
              "path": "/nix/store/nk9s44b27clpb1nb9jfvv1rpm9amd80b-postgresql-18.4-pltcl"
            },
            {
              "name": "lib",
              "path": "/nix/store/92k3zszyivw9f9bm2hi8rw352piq5b4q-postgresql-18.4-lib"
            },
            {
              "name": "plpython3",
              "path": "/nix/store/pkyf7yk3hpq5mc88msmpsaz8yh64i65m-postgresql-18.4-plpython3"
            },
            {
              "name": "dev",
              "path": "/nix/store/n3l27w2fxnll8lwy1fmkz3k28skxv6xz-postgresql-18.4-dev"
            },
            {
              "name": "doc",
              "path": "/nix/store/fjjf1pv4hchxvrh3wyglzgc1j94p3y22-postgresql-18.4-doc"
            },
            {
              "name": "jit",
              "path": "/nix/store/f8rbqqaamzj642mr64x5p9pgx4pijcy3-postgresql-18.4-jit"
            }
          ],
          "store_path": "/nix/store/mm6rpynns3jfg6n4n661i3q51ipinly0-postgresql-18.4"
        },
        "aarch64-linux": {
          "outputs": [
            {
              "name": "out",
              "path": "/nix/store/7bkh2nkhwrk1iydvl4kgzqrd7jk3lpfg-postgresql-18.4",
              "default": true
            },
            {
              "name": "man",
              "path": "/nix/store/vaid76nfi1qhnsrv26bx6zvzbn30mhgl-postgresql-18.4-man",
              "default": true
            },
            {
              "name": "dev",
              "path": "/nix/store/iy8kwadfdag5rz5h7cyd261kjd7c3ai8-postgresql-18.4-dev"
            },
            {
              "name": "doc",
              "path": "/nix/store/l1z044nqfd099s4zi60fw19pp5pjkkff-postgresql-18.4-doc"
            },
            {
              "name": "jit",
              "path": "/nix/store/8cw2bac09cdv5sm3bwqymfkkzw5c9rid-postgresql-18.4-jit"
            },
            {
              "name": "plpython3",
              "path": "/nix/store/4hbwaiyqdrgyc3vfc0zx8r0d79i0h0la-postgresql-18.4-plpython3"
            },
            {
              "name": "debug",
              "path": "/nix/store/4nfg88gfihvvcgm648i70944zn0wl6f5-postgresql-18.4-debug"
            },
            {
              "name": "lib",
              "path": "/nix/store/n23xand6369pmb7g7lq8ph2dnzwh8a4k-postgresql-18.4-lib"
            },
            {
              "name": "plperl",
              "path": "/nix/store/c2ws0bwp6l2gw1jm3c4dwcc7aj0i1z4h-postgresql-18.4-plperl"
            },
            {
              "name": "pltcl",
              "path": "/nix/store/n04s2m3mmiscaklirskjd82h401q3q8s-postgresql-18.4-pltcl"
            }
          ],
          "store_path": "/nix/store/7bkh2nkhwrk1iydvl4kgzqrd7jk3lpfg-postgresql-18.4"
        },
        "x86_64-linux": {
          "outputs": [
            {
              "name": "out",
              "path": "/nix/store/sjh3b1wsi5cp3x0mc5c8x32mx12ilghz-postgresql-18.4",
              "default": true
            },
            {
              "name": "man",
              "path": "/nix/store/lswbb7irwf2nlspajnzgm0z1r7qk2p99-postgresql-18.4-man",
              "default": true
            },
            {
              "name": "dev",
              "path": "/nix/store/db7gaj06az35jxh42vi7l3k2fql5p8fc-postgresql-18.4-dev"
            },
            {
              "name": "jit",
              "path": "/nix/store/hjxxpk5s324lqijlj0wd063i4bs58i4g-postgresql-18.4-jit"
            },
            {
              "name": "plperl",
              "path": "/nix/store/apk9mrvqds1pp5scv7rq9gqpcsf4dmls-postgresql-18.4-plperl"
            },
            {
              "name": "debug",
              "path": "/nix/store/0ixa8f6xm4jklnlpdaqn4wmn2zh2qnim-postgresql-18.4-debug"
            },
            {
              "name": "doc",
              "path": "/nix/store/xk1mcnsh1q1jr28wjiqq30g9lr1q7c21-postgresql-18.4-doc"
            },
            {
              "name": "lib",
              "path": "/nix/store/vjshjz5f160xjxcq1r52vc61w3ybwpg7-postgresql-18.4-lib"
            },
            {
              "name": "plpython3",
              "path": "/nix/store/jn5kikzx94xvlr5p65c9bl7v2vp3mckw-postgresql-18.4-plpython3"
            },
            {
              "name": "pltcl",
              "path": "/nix/store/0x5q2pv5vhz376n99cxjfbsks09wbam8-postgresql-18.4-pltcl"
            }
          ],
          "store_path": "/nix/store/sjh3b1wsi5cp3x0mc5c8x32mx12ilghz-postgresql-18.4"
        }
      }
    },
    "uv@latest": {
      "last_modified": "2026-08-01T16:34:20Z",
      "resolved": "github:NixOS/nixpkgs/a5cbcfe954791221bfffe2307f7d1a1bf61a871e#uv",
      "source": "devbox-search",
      "version": "0.12.1",
      "systems": {
        "aarch64-darwin": {
          "outputs": [
            {
              "name": "out",
              "path": "/nix/store/hnmvqbh6zd1v0wss6q9ps8j1jp2pfkf0-uv-0.12.1",
              "default": true
            }
          ],
          "store_path": "/nix/store/hnmvqbh6zd1v0wss6q9ps8j1jp2pfkf0-uv-0.12.1"
        },
        "aarch64-linux": {
          "outputs": [
            {
              "name": "out",
              "path": "/nix/store/xn0b6fcg7zzifjjbpzi6bs57nbyjxqn1-uv-0.12.1",
              "default": true
            }
          ],
          "store_path": "/nix/store/xn0b6fcg7zzifjjbpzi6bs57nbyjxqn1-uv-0.12.1"
        },
        "x86_64-linux": {
          "outputs": [
            {
              "name": "out",
              "path": "/nix/store/6fgvwx21832s8ygpzm4x3i29p4ac8gxn-uv-0.12.1",
              "default": true
            }
          ],
          "store_path": "/nix/store/6fgvwx21832s8ygpzm4x3i29p4ac8gxn-uv-0.12.1"
        }
      }
    },
    "velero@latest": {
      "last_modified": "2026-08-01T16:34:20Z",
      "resolved": "github:NixOS/nixpkgs/a5cbcfe954791221bfffe2307f7d1a1bf61a871e#velero",
      "source": "devbox-search",
      "version": "1.18.0",
      "systems": {
        "aarch64-darwin": {
          "outputs": [
            {
              "name": "out",
              "path": "/nix/store/bqgbdbq5z9k7njwvcawqczqgxldj0sc2-velero-1.18.0",
              "default": true
            }
          ],
          "store_path": "/nix/store/bqgbdbq5z9k7njwvcawqczqgxldj0sc2-velero-1.18.0"
        },
        "aarch64-linux": {
          "outputs": [
            {
              "name": "out",
              "path": "/nix/store/cvrzzdrwaqbplcp2bx5bh9j35pp4gkwj-velero-1.18.0",
              "default": true
            }
          ],
          "store_path": "/nix/store/cvrzzdrwaqbplcp2bx5bh9j35pp4gkwj-velero-1.18.0"
        },
        "x86_64-darwin": {
          "outputs": [
            {
              "name": "out",
              "path": "/nix/store/pjb54qrp3krsfxmfl6pp35r5lvvg00hw-velero-1.18.0",
              "default": true
            }
          ],
          "store_path": "/nix/store/pjb54qrp3krsfxmfl6pp35r5lvvg00hw-velero-1.18.0"
        },
        "x86_64-linux": {
          "outputs": [
            {
              "name": "out",
              "path": "/nix/store/mzdpxf5idhl0sbp43551s4bnbxsxx45j-velero-1.18.0",
              "default": true
            }
          ],
          "store_path": "/nix/store/mzdpxf5idhl0sbp43551s4bnbxsxx45j-velero-1.18.0"
        }
      }
    },
    "xfsprogs@latest": {
      "last_modified": "2026-08-10T07:49:06Z",
      "resolved": "github:NixOS/nixpkgs/d482ef84049d9b7276b83a06e4e4d76983830097#xfsprogs",
      "source": "devbox-search",
      "version": "7.1.1",
      "systems": {
        "aarch64-linux": {
          "outputs": [
            {
              "name": "bin",
              "path": "/nix/store/kvicw9wcz7i69b6dwlki5hfckczaf9vn-xfsprogs-7.1.1-bin",
              "default": true
            },
            {
              "name": "man",
              "path": "/nix/store/vm5vay64cddk5jsjs4f1s9ys2zld5s7d-xfsprogs-7.1.1-man",
              "default": true
            },
            {
              "name": "out",
              "path": "/nix/store/173mg7dlnqg4rlvall8z4hbchs4vgvpj-xfsprogs-7.1.1"
            },
            {
              "name": "dev",
              "path": "/nix/store/dyh4w34m3g046db4ls1akvdpg47w5g40-xfsprogs-7.1.1-dev"
            },
            {
              "name": "doc",
              "path": "/nix/store/2xf3ibiibyaaxbzaznvgvzd0wa1nczmy-xfsprogs-7.1.1-doc"
            }
          ],
          "store_path": "/nix/store/kvicw9wcz7i69b6dwlki5hfckczaf9vn-xfsprogs-7.1.1-bin"
        },
        "x86_64-linux": {
          "outputs": [
            {
              "name": "bin",
              "path": "/nix/store/kv9wi67w1lp7hg536yk50317bacbjw18-xfsprogs-7.1.1-bin",
              "default": true
            },
            {
              "name": "man",
              "path": "/nix/store/44487qy1qg82j2wn1q8jqf6rmmc280w4-xfsprogs-7.1.1-man",
              "default": true
            },
            {
              "name": "out",
              "path": "/nix/store/1xgjbv4zfl53drigh5q902y5zxdzm89x-xfsprogs-7.1.1"
            },
            {
              "name": "dev",
              "path": "/nix/store/j31sb3wx5y4lxvykysdxbaiizw9359vd-xfsprogs-7.1.1-dev"
            },
            {
              "name": "doc",
              "path": "/nix/store/p319a2p6fjqwlbhdl7w75251ys66b04c-xfsprogs-7.1.1-doc"
            }
          ],
          "store_path": "/nix/store/kv9wi67w1lp7hg536yk50317bacbjw18-xfsprogs-7.1.1-bin"
        }
      }
    },
    "yq@latest": {
      "last_modified": "2026-08-01T16:34:20Z",
      "resolved": "github:NixOS/nixpkgs/a5cbcfe954791221bfffe2307f7d1a1bf61a871e#yq",
      "source": "devbox-search",
      "version": "3.4.3",
      "systems": {
        "aarch64-darwin": {
          "outputs": [
            {
              "name": "out",
              "path": "/nix/store/c2ymmxs2758k3ha0644j3wg5a8w78w9w-python3.14-yq-3.4.3",
              "default": true
            },
            {
              "name": "dist",
              "path": "/nix/store/ci7wjh0cwlfs8b8pxc7pnv2wliprvqs6-python3.14-yq-3.4.3-dist"
            }
          ],
          "store_path": "/nix/store/c2ymmxs2758k3ha0644j3wg5a8w78w9w-python3.14-yq-3.4.3"
        },
        "aarch64-linux": {
          "outputs": [
            {
              "name": "out",
              "path": "/nix/store/04ddar2p7641c738z2yychzp3xb49fa9-python3.14-yq-3.4.3",
              "default": true
            },
            {
              "name": "dist",
              "path": "/nix/store/azcvgkf97zrqpqnyfd978n3cm63iixv7-python3.14-yq-3.4.3-dist"
            }
          ],
          "store_path": "/nix/store/04ddar2p7641c738z2yychzp3xb49fa9-python3.14-yq-3.4.3"
        },
        "x86_64-darwin": {
          "outputs": [
            {
              "name": "out",
              "path": "/nix/store/bb9zf0z1k84g85ncgxphxadlvbgrvafl-python3.13-yq-3.4.3",
              "default": true
            },
            {
              "name": "dist",
              "path": "/nix/store/piqw2x2l94ykijb1hayf87hp6pvqlkk6-python3.13-yq-3.4.3-dist"
            }
          ],
          "store_path": "/nix/store/bb9zf0z1k84g85ncgxphxadlvbgrvafl-python3.13-yq-3.4.3"
        },
        "x86_64-linux": {
          "outputs": [
            {
              "name": "out",
              "path": "/nix/store/14zb2wrzhxzqqmsxxx6zbql3wsq7qf1h-python3.14-yq-3.4.3",
              "default": true
            },
            {
              "name": "dist",
              "path": "/nix/store/0lv4559wkvdr74g6w61r1pailx45f06i-python3.14-yq-3.4.3-dist"
            }
          ],
          "store_path": "/nix/store/14zb2wrzhxzqqmsxxx6zbql3wsq7qf1h-python3.14-yq-3.4.3"
        }
      }
    }
  }
}
